// !$*UTF8*$!
{
	archiveVersion = 1;
	classes = {
	};
	objectVersion = 46;
	objects = {

/* Begin PBXBuildFile section */
		CAC7F047158AAEA100A798F5 /* gifFetcher.m in Sources */ = {isa = PBXBuildFile; fileRef = CAC7F045158AAEA100A798F5 /* gifFetcher.m */; };
		CAC7F048158AAEA100A798F5 /* README in Resources */ = {isa = PBXBuildFile; fileRef = CAC7F046158AAEA100A798F5 /* README */; };
		CAC7F04D158AB3CD00A798F5 /* RecipientViewController.m in Sources */ = {isa = PBXBuildFile; fileRef = CAC7F04C158AB3CD00A798F5 /* RecipientViewController.m */; };
		CAC7F050158AB51A00A798F5 /* AddressBook.framework in Frameworks */ = {isa = PBXBuildFile; fileRef = CAC7F04F158AB51A00A798F5 /* AddressBook.framework */; };
		CAC7F052158AB51F00A798F5 /* AddressBookUI.framework in Frameworks */ = {isa = PBXBuildFile; fileRef = CAC7F051158AB51F00A798F5 /* AddressBookUI.framework */; };
		CAF80985158AAC1300FD5B9F /* UIKit.framework in Frameworks */ = {isa = PBXBuildFile; fileRef = CAF80984158AAC1300FD5B9F /* UIKit.framework */; };
		CAF80987158AAC1300FD5B9F /* Foundation.framework in Frameworks */ = {isa = PBXBuildFile; fileRef = CAF80986158AAC1300FD5B9F /* Foundation.framework */; };
		CAF80989158AAC1300FD5B9F /* CoreGraphics.framework in Frameworks */ = {isa = PBXBuildFile; fileRef = CAF80988158AAC1300FD5B9F /* CoreGraphics.framework */; };
		CAF8098F158AAC1300FD5B9F /* InfoPlist.strings in Resources */ = {isa = PBXBuildFile; fileRef = CAF8098D158AAC1300FD5B9F /* InfoPlist.strings */; };
		CAF80991158AAC1300FD5B9F /* main.m in Sources */ = {isa = PBXBuildFile; fileRef = CAF80990158AAC1300FD5B9F /* main.m */; };
		CAF80995158AAC1300FD5B9F /* AppDelegate.m in Sources */ = {isa = PBXBuildFile; fileRef = CAF80994158AAC1300FD5B9F /* AppDelegate.m */; };
		CAF80998158AAC1300FD5B9F /* MainStoryboard.storyboard in Resources */ = {isa = PBXBuildFile; fileRef = CAF80996158AAC1300FD5B9F /* MainStoryboard.storyboard */; };
		CAF8099B158AAC1300FD5B9F /* ViewController.m in Sources */ = {isa = PBXBuildFile; fileRef = CAF8099A158AAC1300FD5B9F /* ViewController.m */; };
/* End PBXBuildFile section */

/* Begin PBXFileReference section */
		CAC7F044158AAEA100A798F5 /* gifFetcher.h */ = {isa = PBXFileReference; fileEncoding = 4; lastKnownFileType = sourcecode.c.h; path = gifFetcher.h; sourceTree = SOURCE_ROOT; };
		CAC7F045158AAEA100A798F5 /* gifFetcher.m */ = {isa = PBXFileReference; fileEncoding = 4; lastKnownFileType = sourcecode.c.objc; path = gifFetcher.m; sourceTree = SOURCE_ROOT; };
		CAC7F046158AAEA100A798F5 /* README */ = {isa = PBXFileReference; fileEncoding = 4; lastKnownFileType = text; path = README; sourceTree = "<group>"; };
		CAC7F04B158AB3CD00A798F5 /* RecipientViewController.h */ = {isa = PBXFileReference; fileEncoding = 4; lastKnownFileType = sourcecode.c.h; path = RecipientViewController.h; sourceTree = "<group>"; };
		CAC7F04C158AB3CD00A798F5 /* RecipientViewController.m */ = {isa = PBXFileReference; fileEncoding = 4; lastKnownFileType = sourcecode.c.objc; path = RecipientViewController.m; sourceTree = "<group>"; };
		CAC7F04F158AB51A00A798F5 /* AddressBook.framework */ = {isa = PBXFileReference; lastKnownFileType = wrapper.framework; name = AddressBook.framework; path = System/Library/Frameworks/AddressBook.framework; sourceTree = SDKROOT; };
		CAC7F051158AB51F00A798F5 /* AddressBookUI.framework */ = {isa = PBXFileReference; lastKnownFileType = wrapper.framework; name = AddressBookUI.framework; path = System/Library/Frameworks/AddressBookUI.framework; sourceTree = SDKROOT; };
		CAF80980158AAC1300FD5B9F /* gif.app */ = {isa = PBXFileReference; explicitFileType = wrapper.application; includeInIndex = 0; path = gif.app; sourceTree = BUILT_PRODUCTS_DIR; };
		CAF80984158AAC1300FD5B9F /* UIKit.framework */ = {isa = PBXFileReference; lastKnownFileType = wrapper.framework; name = UIKit.framework; path = System/Library/Frameworks/UIKit.framework; sourceTree = SDKROOT; };
		CAF80986158AAC1300FD5B9F /* Foundation.framework */ = {isa = PBXFileReference; lastKnownFileType = wrapper.framework; name = Foundation.framework; path = System/Library/Frameworks/Foundation.framework; sourceTree = SDKROOT; };
		CAF80988158AAC1300FD5B9F /* CoreGraphics.framework */ = {isa = PBXFileReference; lastKnownFileType = wrapper.framework; name = CoreGraphics.framework; path = System/Library/Frameworks/CoreGraphics.framework; sourceTree = SDKROOT; };
		CAF8098C158AAC1300FD5B9F /* gif-Info.plist */ = {isa = PBXFileReference; lastKnownFileType = text.plist.xml; path = "gif-Info.plist"; sourceTree = "<group>"; };
		CAF8098E158AAC1300FD5B9F /* en */ = {isa = PBXFileReference; lastKnownFileType = text.plist.strings; name = en; path = en.lproj/InfoPlist.strings; sourceTree = "<group>"; };
		CAF80990158AAC1300FD5B9F /* main.m */ = {isa = PBXFileReference; lastKnownFileType = sourcecode.c.objc; path = main.m; sourceTree = "<group>"; };
		CAF80992158AAC1300FD5B9F /* gif-Prefix.pch */ = {isa = PBXFileReference; lastKnownFileType = sourcecode.c.h; path = "gif-Prefix.pch"; sourceTree = "<group>"; };
		CAF80993158AAC1300FD5B9F /* AppDelegate.h */ = {isa = PBXFileReference; lastKnownFileType = sourcecode.c.h; path = AppDelegate.h; sourceTree = "<group>"; };
		CAF80994158AAC1300FD5B9F /* AppDelegate.m */ = {isa = PBXFileReference; lastKnownFileType = sourcecode.c.objc; path = AppDelegate.m; sourceTree = "<group>"; };
		CAF80997158AAC1300FD5B9F /* en */ = {isa = PBXFileReference; lastKnownFileType = file.storyboard; name = en; path = en.lproj/MainStoryboard.storyboard; sourceTree = "<group>"; };
		CAF80999158AAC1300FD5B9F /* ViewController.h */ = {isa = PBXFileReference; lastKnownFileType = sourcecode.c.h; path = ViewController.h; sourceTree = "<group>"; };
		CAF8099A158AAC1300FD5B9F /* ViewController.m */ = {isa = PBXFileReference; lastKnownFileType = sourcecode.c.objc; path = ViewController.m; sourceTree = "<group>"; };
/* End PBXFileReference section */

/* Begin PBXFrameworksBuildPhase section */
		CAF8097D158AAC1300FD5B9F /* Frameworks */ = {
			isa = PBXFrameworksBuildPhase;
			buildActionMask = 2147483647;
			files = (
				CAC7F052158AB51F00A798F5 /* AddressBookUI.framework in Frameworks */,
				CAC7F050158AB51A00A798F5 /* AddressBook.framework in Frameworks */,
				CAF80985158AAC1300FD5B9F /* UIKit.framework in Frameworks */,
				CAF80987158AAC1300FD5B9F /* Foundation.framework in Frameworks */,
				CAF80989158AAC1300FD5B9F /* CoreGraphics.framework in Frameworks */,
			);
			runOnlyForDeploymentPostprocessing = 0;
		};
/* End PBXFrameworksBuildPhase section */

/* Begin PBXGroup section */
		CAC7F04A158AAEA600A798F5 /* api */ = {
			isa = PBXGroup;
			children = (
				CAC7F044158AAEA100A798F5 /* gifFetcher.h */,
				CAC7F045158AAEA100A798F5 /* gifFetcher.m */,
			);
			name = api;
			sourceTree = "<group>";
		};
		CAC7F04E158AB3D400A798F5 /* controllers */ = {
			isa = PBXGroup;
			children = (
				CAC7F04B158AB3CD00A798F5 /* RecipientViewController.h */,
				CAC7F04C158AB3CD00A798F5 /* RecipientViewController.m */,
			);
			name = controllers;
			sourceTree = "<group>";
		};
		CAF80975158AAC1300FD5B9F = {
			isa = PBXGroup;
			children = (
				CAC7F051158AB51F00A798F5 /* AddressBookUI.framework */,
				CAC7F04F158AB51A00A798F5 /* AddressBook.framework */,
				CAC7F046158AAEA100A798F5 /* README */,
				CAF8098A158AAC1300FD5B9F /* gif */,
				CAF80983158AAC1300FD5B9F /* Frameworks */,
				CAF80981158AAC1300FD5B9F /* Products */,
			);
			sourceTree = "<group>";
		};
		CAF80981158AAC1300FD5B9F /* Products */ = {
			isa = PBXGroup;
			children = (
				CAF80980158AAC1300FD5B9F /* gif.app */,
			);
			name = Products;
			sourceTree = "<group>";
		};
		CAF80983158AAC1300FD5B9F /* Frameworks */ = {
			isa = PBXGroup;
			children = (
				CAF80984158AAC1300FD5B9F /* UIKit.framework */,
				CAF80986158AAC1300FD5B9F /* Foundation.framework */,
				CAF80988158AAC1300FD5B9F /* CoreGraphics.framework */,
			);
			name = Frameworks;
			sourceTree = "<group>";
		};
		CAF8098A158AAC1300FD5B9F /* gif */ = {
			isa = PBXGroup;
			children = (
				CAC7F04A158AAEA600A798F5 /* api */,
				CAF80993158AAC1300FD5B9F /* AppDelegate.h */,
				CAF80994158AAC1300FD5B9F /* AppDelegate.m */,
				CAF80996158AAC1300FD5B9F /* MainStoryboard.storyboard */,
				CAC7F04E158AB3D400A798F5 /* controllers */,
				CAF80999158AAC1300FD5B9F /* ViewController.h */,
				CAF8099A158AAC1300FD5B9F /* ViewController.m */,
				CAF8098B158AAC1300FD5B9F /* Supporting Files */,
			);
			path = gif;
			sourceTree = "<group>";
		};
		CAF8098B158AAC1300FD5B9F /* Supporting Files */ = {
			isa = PBXGroup;
			children = (
				CAF8098C158AAC1300FD5B9F /* gif-Info.plist */,
				CAF8098D158AAC1300FD5B9F /* InfoPlist.strings */,
				CAF80990158AAC1300FD5B9F /* main.m */,
				CAF80992158AAC1300FD5B9F /* gif-Prefix.pch */,
			);
			name = "Supporting Files";
			sourceTree = "<group>";
		};
/* End PBXGroup section */

/* Begin PBXNativeTarget section */
		CAF8097F158AAC1300FD5B9F /* gif */ = {
			isa = PBXNativeTarget;
			buildConfigurationList = CAF8099E158AAC1300FD5B9F /* Build configuration list for PBXNativeTarget "gif" */;
			buildPhases = (
				CAF8097C158AAC1300FD5B9F /* Sources */,
				CAF8097D158AAC1300FD5B9F /* Frameworks */,
				CAF8097E158AAC1300FD5B9F /* Resources */,
			);
			buildRules = (
			);
			dependencies = (
			);
			name = gif;
			productName = gif;
			productReference = CAF80980158AAC1300FD5B9F /* gif.app */;
			productType = "com.apple.product-type.application";
		};
/* End PBXNativeTarget section */

/* Begin PBXProject section */
		CAF80977158AAC1300FD5B9F /* Project object */ = {
			isa = PBXProject;
			attributes = {
				LastUpgradeCheck = 0430;
				ORGANIZATIONNAME = GOOD;
			};
			buildConfigurationList = CAF8097A158AAC1300FD5B9F /* Build configuration list for PBXProject "gif" */;
			compatibilityVersion = "Xcode 3.2";
			developmentRegion = English;
			hasScannedForEncodings = 0;
			knownRegions = (
				en,
			);
			mainGroup = CAF80975158AAC1300FD5B9F;
			productRefGroup = CAF80981158AAC1300FD5B9F /* Products */;
			projectDirPath = "";
			projectRoot = "";
			targets = (
				CAF8097F158AAC1300FD5B9F /* gif */,
			);
		};
/* End PBXProject section */

/* Begin PBXResourcesBuildPhase section */
		CAF8097E158AAC1300FD5B9F /* Resources */ = {
			isa = PBXResourcesBuildPhase;
			buildActionMask = 2147483647;
			files = (
				CAF8098F158AAC1300FD5B9F /* InfoPlist.strings in Resources */,
				CAF80998158AAC1300FD5B9F /* MainStoryboard.storyboard in Resources */,
				CAC7F048158AAEA100A798F5 /* README in Resources */,
			);
			runOnlyForDeploymentPostprocessing = 0;
		};
/* End PBXResourcesBuildPhase section */

/* Begin PBXSourcesBuildPhase section */
		CAF8097C158AAC1300FD5B9F /* Sources */ = {
			isa = PBXSourcesBuildPhase;
			buildActionMask = 2147483647;
			files = (
				CAF80991158AAC1300FD5B9F /* main.m in Sources */,
				CAF80995158AAC1300FD5B9F /* AppDelegate.m in Sources */,
				CAF8099B158AAC1300FD5B9F /* ViewController.m in Sources */,
				CAC7F047158AAEA100A798F5 /* gifFetcher.m in Sources */,
				CAC7F04D158AB3CD00A798F5 /* RecipientViewController.m in Sources */,
			);
			runOnlyForDeploymentPostprocessing = 0;
		};
/* End PBXSourcesBuildPhase section */

/* Begin PBXVariantGroup section */
		CAF8098D158AAC1300FD5B9F /* InfoPlist.strings */ = {
			isa = PBXVariantGroup;
			children = (
				CAF8098E158AAC1300FD5B9F /* en */,
			);
			name = InfoPlist.strings;
			sourceTree = "<group>";
		};
		CAF80996158AAC1300FD5B9F /* MainStoryboard.storyboard */ = {
			isa = PBXVariantGroup;
			children = (
				CAF80997158AAC1300FD5B9F /* en */,
			);
			name = MainStoryboard.storyboard;
			sourceTree = "<group>";
		};
/* End PBXVariantGroup section */

/* Begin XCBuildConfiguration section */
		CAF8099C158AAC1300FD5B9F /* Debug */ = {
			isa = XCBuildConfiguration;
			buildSettings = {
				ALWAYS_SEARCH_USER_PATHS = NO;
				ARCHS = "$(ARCHS_STANDARD_32_BIT)";
				CLANG_ENABLE_OBJC_ARC = YES;
				"CODE_SIGN_IDENTITY[sdk=iphoneos*]" = "iPhone Developer";
				COPY_PHASE_STRIP = NO;
				GCC_C_LANGUAGE_STANDARD = gnu99;
				GCC_DYNAMIC_NO_PIC = NO;
				GCC_OPTIMIZATION_LEVEL = 0;
				GCC_PREPROCESSOR_DEFINITIONS = (
					"DEBUG=1",
					"$(inherited)",
				);
				GCC_SYMBOLS_PRIVATE_EXTERN = NO;
				GCC_VERSION = com.apple.compilers.llvm.clang.1_0;
				GCC_WARN_ABOUT_RETURN_TYPE = YES;
				GCC_WARN_UNINITIALIZED_AUTOS = YES;
				GCC_WARN_UNUSED_VARIABLE = YES;
				IPHONEOS_DEPLOYMENT_TARGET = 5.1;
				SDKROOT = iphoneos;
			};
			name = Debug;
		};
		CAF8099D158AAC1300FD5B9F /* Release */ = {
			isa = XCBuildConfiguration;
			buildSettings = {
				ALWAYS_SEARCH_USER_PATHS = NO;
				ARCHS = "$(ARCHS_STANDARD_32_BIT)";
				CLANG_ENABLE_OBJC_ARC = YES;
				"CODE_SIGN_IDENTITY[sdk=iphoneos*]" = "iPhone Developer";
				COPY_PHASE_STRIP = YES;
				GCC_C_LANGUAGE_STANDARD = gnu99;
				GCC_VERSION = com.apple.compilers.llvm.clang.1_0;
				GCC_WARN_ABOUT_RETURN_TYPE = YES;
				GCC_WARN_UNINITIALIZED_AUTOS = YES;
				GCC_WARN_UNUSED_VARIABLE = YES;
				IPHONEOS_DEPLOYMENT_TARGET = 5.1;
				OTHER_CFLAGS = "-DNS_BLOCK_ASSERTIONS=1";
				SDKROOT = iphoneos;
				VALIDATE_PRODUCT = YES;
			};
			name = Release;
		};
		CAF8099F158AAC1300FD5B9F /* Debug */ = {
			isa = XCBuildConfiguration;
			buildSettings = {
				GCC_PRECOMPILE_PREFIX_HEADER = YES;
				GCC_PREFIX_HEADER = "gif/gif-Prefix.pch";
				INFOPLIST_FILE = "gif/gif-Info.plist";
				PRODUCT_NAME = "$(TARGET_NAME)";
				WRAPPER_EXTENSION = app;
			};
			name = Debug;
		};
		CAF809A0158AAC1300FD5B9F /* Release */ = {
			isa = XCBuildConfiguration;
			buildSettings = {
				GCC_PRECOMPILE_PREFIX_HEADER = YES;
				GCC_PREFIX_HEADER = "gif/gif-Prefix.pch";
				INFOPLIST_FILE = "gif/gif-Info.plist";
				PRODUCT_NAME = "$(TARGET_NAME)";
				WRAPPER_EXTENSION = app;
			};
			name = Release;
		};
/* End XCBuildConfiguration section */

/* Begin XCConfigurationList section */
		CAF8097A158AAC1300FD5B9F /* Build configuration list for PBXProject "gif" */ = {
			isa = XCConfigurationList;
			buildConfigurations = (
				CAF8099C158AAC1300FD5B9F /* Debug */,
				CAF8099D158AAC1300FD5B9F /* Release */,
			);
			defaultConfigurationIsVisible = 0;
			defaultConfigurationName = Release;
		};
		CAF8099E158AAC1300FD5B9F /* Build configuration list for PBXNativeTarget "gif" */ = {
			isa = XCConfigurationList;
			buildConfigurations = (
				CAF8099F158AAC1300FD5B9F /* Debug */,
				CAF809A0158AAC1300FD5B9F /* Release */,
			);
			defaultConfigurationIsVisible = 0;
			defaultConfigurationName = Release;
		};
/* End XCConfigurationList section */
	};
	rootObject = CAF80977158AAC1300FD5B9F /* Project object */;
}
